
Microsoft Visual Studio Solution File, Format Version 12.00
# Visual Studio Version 17
VisualStudioVersion = 17.1.32414.318
MinimumVisualStudioVersion = 10.0.40219.1
Project("{FAE04EC0-301F-11D3-BF4B-00C04F79EFBC}") = "apYeezus", "apYeezus\apYeezus.csproj", "{BAF7AACE-7B7F-41DA-A5AD-46339595C0F1}"
EndProject
Global
	GlobalSection(SolutionConfigurationPlatforms) = preSolution
		Debug|Any CPU = Debug|Any CPU
		Release|Any CPU = Release|Any CPU
	EndGlobalSection
	GlobalSection(ProjectConfigurationPlatforms) = postSolution
		{BAF7AACE-7B7F-41DA-A5AD-46339595C0F1}.Debug|Any CPU.ActiveCfg = Debug|Any CPU
		{BAF7AACE-7B7F-41DA-A5AD-46339595C0F1}.Debug|Any CPU.Build.0 = Debug|Any CPU
		{BAF7AACE-7B7F-41DA-A5AD-46339595C0F1}.Release|Any CPU.ActiveCfg = Release|Any CPU
		{BAF7AACE-7B7F-41DA-A5AD-46339595C0F1}.Release|Any CPU.Build.0 = Release|Any CPU
	EndGlobalSection
	GlobalSection(SolutionProperties) = preSolution
		HideSolutionNode = FALSE
	EndGlobalSection
	GlobalSection(ExtensibilityGlobals) = postSolution
		SolutionGuid = {0356D7E6-E343-410D-B032-41BC2951CC3E}
	EndGlobalSection
EndGlobal
